
Microsoft Visual Studio Solution File, Format Version 12.00
# Visual Studio Version 17
VisualStudioVersion = 17.5.33414.496
MinimumVisualStudioVersion = 10.0.40219.1
Project("{FAE04EC0-301F-11D3-BF4B-00C04F79EFBC}") = "OpenVapour", "OpenVapour\OpenVapour.csproj", "{D37DB41E-D3A3-431D-98F2-D0686DCC00C2}"
EndProject
Project("{2150E333-8FDC-42A3-9474-1A3956D46DE8}") = "Solution Items", "Solution Items", "{1C7ABE2E-D005-4A0B-B441-2F141054F878}"
	ProjectSection(SolutionItems) = preProject
		.editorconfig = .editorconfig
	EndProjectSection
EndProject
Global
	GlobalSection(SolutionConfigurationPlatforms) = preSolution
		Debug|Any CPU = Debug|Any CPU
		Debug|x64 = Debug|x64
		Release|Any CPU = Release|Any CPU
		Release|x64 = Release|x64
	EndGlobalSection
	GlobalSection(ProjectConfigurationPlatforms) = postSolution
		{D37DB41E-D3A3-431D-98F2-D0686DCC00C2}.Debug|Any CPU.ActiveCfg = Debug|Any CPU
		{D37DB41E-D3A3-431D-98F2-D0686DCC00C2}.Debug|Any CPU.Build.0 = Debug|Any CPU
		{D37DB41E-D3A3-431D-98F2-D0686DCC00C2}.Debug|x64.ActiveCfg = Debug|x64
		{D37DB41E-D3A3-431D-98F2-D0686DCC00C2}.Debug|x64.Build.0 = Debug|x64
		{D37DB41E-D3A3-431D-98F2-D0686DCC00C2}.Release|Any CPU.ActiveCfg = Release|Any CPU
		{D37DB41E-D3A3-431D-98F2-D0686DCC00C2}.Release|Any CPU.Build.0 = Release|Any CPU
		{D37DB41E-D3A3-431D-98F2-D0686DCC00C2}.Release|x64.ActiveCfg = Release|x64
		{D37DB41E-D3A3-431D-98F2-D0686DCC00C2}.Release|x64.Build.0 = Release|x64
	EndGlobalSection
	GlobalSection(SolutionProperties) = preSolution
		HideSolutionNode = FALSE
	EndGlobalSection
	GlobalSection(ExtensibilityGlobals) = postSolution
		SolutionGuid = {44CA4AA6-0D97-4B30-892C-5FC6BD95C78C}
	EndGlobalSection
EndGlobal
